
Microsoft Visual Studio Solution File, Format Version 12.00
# Visual Studio 15
VisualStudioVersion = 15.0.26228.4
MinimumVisualStudioVersion = 10.0.40219.1
Project("{FAE04EC0-301F-11D3-BF4B-00C04F79EFBC}") = "EventDemo", "EventDemo\EventDemo.csproj", "{39460E57-2424-4F54-91A0-592A065D0F25}"
EndProject
Project("{FAE04EC0-301F-11D3-BF4B-00C04F79EFBC}") = "MySQLDemo", "MySQLDemo\MySQLDemo.csproj", "{0D51FC04-522D-4DD0-8F4B-108FFDAAF24D}"
EndProject
Project("{FAE04EC0-301F-11D3-BF4B-00C04F79EFBC}") = "IOStreamDemo", "IOStreamDemo\IOStreamDemo.csproj", "{CA670D26-A92E-41A3-84B9-079F3C27D057}"
EndProject
Project("{FAE04EC0-301F-11D3-BF4B-00C04F79EFBC}") = "TaskDemo", "TaskDemo\TaskDemo.csproj", "{28CEA0A2-661B-4C6F-BD99-BE2EF9D3A256}"
EndProject
Project("{FAE04EC0-301F-11D3-BF4B-00C04F79EFBC}") = "SortDemo", "SortDemo\SortDemo.csproj", "{3B9627CE-007C-4CC7-B140-2FA0BF7ED959}"
EndProject
Project("{FAE04EC0-301F-11D3-BF4B-00C04F79EFBC}") = "杂项", "杂项\杂项.csproj", "{46C561F6-8109-45B5-9FE4-A23C6770AD05}"
EndProject
Project("{FAE04EC0-301F-11D3-BF4B-00C04F79EFBC}") = "XMLDemo", "XMLDemo\XMLDemo.csproj", "{0BFF7DCB-6BEF-4AE9-A351-C6423E7AD132}"
EndProject
Project("{FAE04EC0-301F-11D3-BF4B-00C04F79EFBC}") = "DesignPattern", "DesignPattern\DesignPattern.csproj", "{1516EBDE-783B-446B-900D-3F65FE002054}"
EndProject
Project("{FAE04EC0-301F-11D3-BF4B-00C04F79EFBC}") = "ReflectionDemo", "ReflectionDemo\ReflectionDemo.csproj", "{1AF20394-EE1E-4769-A7E9-C6880F23A238}"
EndProject
Project("{FAE04EC0-301F-11D3-BF4B-00C04F79EFBC}") = "DataStructure", "DataStructure\DataStructure.csproj", "{D5462349-88F6-4EA5-99DC-6168533206C7}"
EndProject
Global
	GlobalSection(SolutionConfigurationPlatforms) = preSolution
		Debug|Any CPU = Debug|Any CPU
		Debug|x86 = Debug|x86
		Release|Any CPU = Release|Any CPU
		Release|x86 = Release|x86
	EndGlobalSection
	GlobalSection(ProjectConfigurationPlatforms) = postSolution
		{39460E57-2424-4F54-91A0-592A065D0F25}.Debug|Any CPU.ActiveCfg = Debug|Any CPU
		{39460E57-2424-4F54-91A0-592A065D0F25}.Debug|Any CPU.Build.0 = Debug|Any CPU
		{39460E57-2424-4F54-91A0-592A065D0F25}.Debug|x86.ActiveCfg = Debug|Any CPU
		{39460E57-2424-4F54-91A0-592A065D0F25}.Debug|x86.Build.0 = Debug|Any CPU
		{39460E57-2424-4F54-91A0-592A065D0F25}.Release|Any CPU.ActiveCfg = Release|Any CPU
		{39460E57-2424-4F54-91A0-592A065D0F25}.Release|Any CPU.Build.0 = Release|Any CPU
		{39460E57-2424-4F54-91A0-592A065D0F25}.Release|x86.ActiveCfg = Release|Any CPU
		{39460E57-2424-4F54-91A0-592A065D0F25}.Release|x86.Build.0 = Release|Any CPU
		{0D51FC04-522D-4DD0-8F4B-108FFDAAF24D}.Debug|Any CPU.ActiveCfg = Debug|Any CPU
		{0D51FC04-522D-4DD0-8F4B-108FFDAAF24D}.Debug|Any CPU.Build.0 = Debug|Any CPU
		{0D51FC04-522D-4DD0-8F4B-108FFDAAF24D}.Debug|x86.ActiveCfg = Debug|Any CPU
		{0D51FC04-522D-4DD0-8F4B-108FFDAAF24D}.Debug|x86.Build.0 = Debug|Any CPU
		{0D51FC04-522D-4DD0-8F4B-108FFDAAF24D}.Release|Any CPU.ActiveCfg = Release|Any CPU
		{0D51FC04-522D-4DD0-8F4B-108FFDAAF24D}.Release|Any CPU.Build.0 = Release|Any CPU
		{0D51FC04-522D-4DD0-8F4B-108FFDAAF24D}.Release|x86.ActiveCfg = Release|Any CPU
		{0D51FC04-522D-4DD0-8F4B-108FFDAAF24D}.Release|x86.Build.0 = Release|Any CPU
		{CA670D26-A92E-41A3-84B9-079F3C27D057}.Debug|Any CPU.ActiveCfg = Debug|Any CPU
		{CA670D26-A92E-41A3-84B9-079F3C27D057}.Debug|Any CPU.Build.0 = Debug|Any CPU
		{CA670D26-A92E-41A3-84B9-079F3C27D057}.Debug|x86.ActiveCfg = Debug|Any CPU
		{CA670D26-A92E-41A3-84B9-079F3C27D057}.Debug|x86.Build.0 = Debug|Any CPU
		{CA670D26-A92E-41A3-84B9-079F3C27D057}.Release|Any CPU.ActiveCfg = Release|Any CPU
		{CA670D26-A92E-41A3-84B9-079F3C27D057}.Release|Any CPU.Build.0 = Release|Any CPU
		{CA670D26-A92E-41A3-84B9-079F3C27D057}.Release|x86.ActiveCfg = Release|Any CPU
		{CA670D26-A92E-41A3-84B9-079F3C27D057}.Release|x86.Build.0 = Release|Any CPU
		{28CEA0A2-661B-4C6F-BD99-BE2EF9D3A256}.Debug|Any CPU.ActiveCfg = Debug|Any CPU
		{28CEA0A2-661B-4C6F-BD99-BE2EF9D3A256}.Debug|Any CPU.Build.0 = Debug|Any CPU
		{28CEA0A2-661B-4C6F-BD99-BE2EF9D3A256}.Debug|x86.ActiveCfg = Debug|Any CPU
		{28CEA0A2-661B-4C6F-BD99-BE2EF9D3A256}.Debug|x86.Build.0 = Debug|Any CPU
		{28CEA0A2-661B-4C6F-BD99-BE2EF9D3A256}.Release|Any CPU.ActiveCfg = Release|Any CPU
		{28CEA0A2-661B-4C6F-BD99-BE2EF9D3A256}.Release|Any CPU.Build.0 = Release|Any CPU
		{28CEA0A2-661B-4C6F-BD99-BE2EF9D3A256}.Release|x86.ActiveCfg = Release|Any CPU
		{28CEA0A2-661B-4C6F-BD99-BE2EF9D3A256}.Release|x86.Build.0 = Release|Any CPU
		{3B9627CE-007C-4CC7-B140-2FA0BF7ED959}.Debug|Any CPU.ActiveCfg = Debug|Any CPU
		{3B9627CE-007C-4CC7-B140-2FA0BF7ED959}.Debug|Any CPU.Build.0 = Debug|Any CPU
		{3B9627CE-007C-4CC7-B140-2FA0BF7ED959}.Debug|x86.ActiveCfg = Debug|Any CPU
		{3B9627CE-007C-4CC7-B140-2FA0BF7ED959}.Debug|x86.Build.0 = Debug|Any CPU
		{3B9627CE-007C-4CC7-B140-2FA0BF7ED959}.Release|Any CPU.ActiveCfg = Release|Any CPU
		{3B9627CE-007C-4CC7-B140-2FA0BF7ED959}.Release|Any CPU.Build.0 = Release|Any CPU
		{3B9627CE-007C-4CC7-B140-2FA0BF7ED959}.Release|x86.ActiveCfg = Release|Any CPU
		{3B9627CE-007C-4CC7-B140-2FA0BF7ED959}.Release|x86.Build.0 = Release|Any CPU
		{46C561F6-8109-45B5-9FE4-A23C6770AD05}.Debug|Any CPU.ActiveCfg = Debug|Any CPU
		{46C561F6-8109-45B5-9FE4-A23C6770AD05}.Debug|Any CPU.Build.0 = Debug|Any CPU
		{46C561F6-8109-45B5-9FE4-A23C6770AD05}.Debug|x86.ActiveCfg = Debug|Any CPU
		{46C561F6-8109-45B5-9FE4-A23C6770AD05}.Debug|x86.Build.0 = Debug|Any CPU
		{46C561F6-8109-45B5-9FE4-A23C6770AD05}.Release|Any CPU.ActiveCfg = Release|Any CPU
		{46C561F6-8109-45B5-9FE4-A23C6770AD05}.Release|Any CPU.Build.0 = Release|Any CPU
		{46C561F6-8109-45B5-9FE4-A23C6770AD05}.Release|x86.ActiveCfg = Release|Any CPU
		{46C561F6-8109-45B5-9FE4-A23C6770AD05}.Release|x86.Build.0 = Release|Any CPU
		{0BFF7DCB-6BEF-4AE9-A351-C6423E7AD132}.Debug|Any CPU.ActiveCfg = Debug|Any CPU
		{0BFF7DCB-6BEF-4AE9-A351-C6423E7AD132}.Debug|Any CPU.Build.0 = Debug|Any CPU
		{0BFF7DCB-6BEF-4AE9-A351-C6423E7AD132}.Debug|x86.ActiveCfg = Debug|Any CPU
		{0BFF7DCB-6BEF-4AE9-A351-C6423E7AD132}.Debug|x86.Build.0 = Debug|Any CPU
		{0BFF7DCB-6BEF-4AE9-A351-C6423E7AD132}.Release|Any CPU.ActiveCfg = Release|Any CPU
		{0BFF7DCB-6BEF-4AE9-A351-C6423E7AD132}.Release|Any CPU.Build.0 = Release|Any CPU
		{0BFF7DCB-6BEF-4AE9-A351-C6423E7AD132}.Release|x86.ActiveCfg = Release|Any CPU
		{0BFF7DCB-6BEF-4AE9-A351-C6423E7AD132}.Release|x86.Build.0 = Release|Any CPU
		{1516EBDE-783B-446B-900D-3F65FE002054}.Debug|Any CPU.ActiveCfg = Debug|Any CPU
		{1516EBDE-783B-446B-900D-3F65FE002054}.Debug|Any CPU.Build.0 = Debug|Any CPU
		{1516EBDE-783B-446B-900D-3F65FE002054}.Debug|x86.ActiveCfg = Debug|Any CPU
		{1516EBDE-783B-446B-900D-3F65FE002054}.Debug|x86.Build.0 = Debug|Any CPU
		{1516EBDE-783B-446B-900D-3F65FE002054}.Release|Any CPU.ActiveCfg = Release|Any CPU
		{1516EBDE-783B-446B-900D-3F65FE002054}.Release|Any CPU.Build.0 = Release|Any CPU
		{1516EBDE-783B-446B-900D-3F65FE002054}.Release|x86.ActiveCfg = Release|Any CPU
		{1516EBDE-783B-446B-900D-3F65FE002054}.Release|x86.Build.0 = Release|Any CPU
		{1AF20394-EE1E-4769-A7E9-C6880F23A238}.Debug|Any CPU.ActiveCfg = Debug|Any CPU
		{1AF20394-EE1E-4769-A7E9-C6880F23A238}.Debug|Any CPU.Build.0 = Debug|Any CPU
		{1AF20394-EE1E-4769-A7E9-C6880F23A238}.Debug|x86.ActiveCfg = Debug|Any CPU
		{1AF20394-EE1E-4769-A7E9-C6880F23A238}.Debug|x86.Build.0 = Debug|Any CPU
		{1AF20394-EE1E-4769-A7E9-C6880F23A238}.Release|Any CPU.ActiveCfg = Release|Any CPU
		{1AF20394-EE1E-4769-A7E9-C6880F23A238}.Release|Any CPU.Build.0 = Release|Any CPU
		{1AF20394-EE1E-4769-A7E9-C6880F23A238}.Release|x86.ActiveCfg = Release|Any CPU
		{1AF20394-EE1E-4769-A7E9-C6880F23A238}.Release|x86.Build.0 = Release|Any CPU
		{D5462349-88F6-4EA5-99DC-6168533206C7}.Debug|Any CPU.ActiveCfg = Debug|Any CPU
		{D5462349-88F6-4EA5-99DC-6168533206C7}.Debug|Any CPU.Build.0 = Debug|Any CPU
		{D5462349-88F6-4EA5-99DC-6168533206C7}.Debug|x86.ActiveCfg = Debug|Any CPU
		{D5462349-88F6-4EA5-99DC-6168533206C7}.Debug|x86.Build.0 = Debug|Any CPU
		{D5462349-88F6-4EA5-99DC-6168533206C7}.Release|Any CPU.ActiveCfg = Release|Any CPU
		{D5462349-88F6-4EA5-99DC-6168533206C7}.Release|Any CPU.Build.0 = Release|Any CPU
		{D5462349-88F6-4EA5-99DC-6168533206C7}.Release|x86.ActiveCfg = Release|Any CPU
		{D5462349-88F6-4EA5-99DC-6168533206C7}.Release|x86.Build.0 = Release|Any CPU
	EndGlobalSection
	GlobalSection(SolutionProperties) = preSolution
		HideSolutionNode = FALSE
	EndGlobalSection
	GlobalSection(ExtensibilityGlobals) = postSolution
		SolutionGuid = {4B8FA80C-C702-42E7-BCEE-B6F8ABB9EE46}
	EndGlobalSection
EndGlobal
